{
  "lockfile_version": "1",
  "packages": {
    "git-extras@latest": {
      "last_modified": "2024-08-18T12:44:29Z",
      "resolved": "github:NixOS/nixpkgs/ff1c2669bbb4d0dd9e62cc94f0968cfa652ceec1#git-extras",
      "source": "devbox-search",
      "version": "7.2.0",
      "systems": {
        "aarch64-darwin": {
          "outputs": [
            {
              "name": "out",
              "path": "/nix/store/ywl04dn20qzkmjm2ym8x7rx4dk53cmdl-git-extras-7.2.0",
              "default": true
            }
          ],
          "store_path": "/nix/store/ywl04dn20qzkmjm2ym8x7rx4dk53cmdl-git-extras-7.2.0"
        },
        "aarch64-linux": {
          "outputs": [
            {
              "name": "out",
              "path": "/nix/store/pwwc81kq66v8igl8il3j20kllms6srlg-git-extras-7.2.0",
              "default": true
            }
          ],
          "store_path": "/nix/store/pwwc81kq66v8igl8il3j20kllms6srlg-git-extras-7.2.0"
        },
        "x86_64-darwin": {
          "outputs": [
            {
              "name": "out",
              "path": "/nix/store/jrgm0vvb4lyp4c9lvc36cgvaiqxsvpbb-git-extras-7.2.0",
              "default": true
            }
          ],
          "store_path": "/nix/store/jrgm0vvb4lyp4c9lvc36cgvaiqxsvpbb-git-extras-7.2.0"
        },
        "x86_64-linux": {
          "outputs": [
            {
              "name": "out",
              "path": "/nix/store/d69im5v2sibfh4grihq53fcasb9irap0-git-extras-7.2.0",
              "default": true
            }
          ],
          "store_path": "/nix/store/d69im5v2sibfh4grihq53fcasb9irap0-git-extras-7.2.0"
        }
      }
    },
    "go@1.23": {
      "last_modified": "2024-08-18T12:44:29Z",
      "resolved": "github:NixOS/nixpkgs/ff1c2669bbb4d0dd9e62cc94f0968cfa652ceec1#go_1_23",
      "source": "devbox-search",
      "version": "1.23.0",
      "systems": {
        "aarch64-darwin": {
          "outputs": [
            {
              "name": "out",
              "path": "/nix/store/x097y3rdlvw6ax1id52xx2didgzxjg34-go-1.23.0",
              "default": true
            }
          ],
          "store_path": "/nix/store/x097y3rdlvw6ax1id52xx2didgzxjg34-go-1.23.0"
        },
        "aarch64-linux": {
          "outputs": [
            {
              "name": "out",
              "path": "/nix/store/znns5qk7fbhjb89bqhabxjxpgiq2ag1a-go-1.23.0",
              "default": true
            }
          ],
          "store_path": "/nix/store/znns5qk7fbhjb89bqhabxjxpgiq2ag1a-go-1.23.0"
        },
        "x86_64-darwin": {
          "outputs": [
            {
              "name": "out",
              "path": "/nix/store/psym5ggdincwihwd81kssc4gbw1k3p3h-go-1.23.0",
              "default": true
            }
          ],
          "store_path": "/nix/store/psym5ggdincwihwd81kssc4gbw1k3p3h-go-1.23.0"
        },
        "x86_64-linux": {
          "outputs": [
            {
              "name": "out",
              "path": "/nix/store/0k144pnsvy0wa3dcl1y3df7d4zskylc4-go-1.23.0",
              "default": true
            }
          ],
          "store_path": "/nix/store/0k144pnsvy0wa3dcl1y3df7d4zskylc4-go-1.23.0"
        }
      }
    },
    "runx:golangci/golangci-lint@latest": {
      "resolved": "golangci/golangci-lint@v1.60.1",
      "version": "v1.60.1"
    },
    "runx:mvdan/gofumpt@latest": {
      "resolved": "mvdan/gofumpt@v0.7.0",
      "version": "v0.7.0"
    }
  }
}
